
Microsoft Visual Studio Solution File, Format Version 12.00
# Visual Studio Version 17
VisualStudioVersion = 17.14.36221.1
MinimumVisualStudioVersion = 10.0.40219.1
Project("{FAE04EC0-301F-11D3-BF4B-00C04F79EFBC}") = "TaskApi", "TaskApi\TaskApi.csproj", "{8EB43A20-70C4-4916-9ED0-60C4934D3831}"
EndProject
Global
	GlobalSection(SolutionConfigurationPlatforms) = preSolution
		Debug|Any CPU = Debug|Any CPU
		Release|Any CPU = Release|Any CPU
	EndGlobalSection
	GlobalSection(ProjectConfigurationPlatforms) = postSolution
		{8EB43A20-70C4-4916-9ED0-60C4934D3831}.Debug|Any CPU.ActiveCfg = Debug|Any CPU
		{8EB43A20-70C4-4916-9ED0-60C4934D3831}.Debug|Any CPU.Build.0 = Debug|Any CPU
		{8EB43A20-70C4-4916-9ED0-60C4934D3831}.Release|Any CPU.ActiveCfg = Release|Any CPU
		{8EB43A20-70C4-4916-9ED0-60C4934D3831}.Release|Any CPU.Build.0 = Release|Any CPU
	EndGlobalSection
	GlobalSection(SolutionProperties) = preSolution
		HideSolutionNode = FALSE
	EndGlobalSection
	GlobalSection(ExtensibilityGlobals) = postSolution
		SolutionGuid = {C0F5BFAA-E94D-4ECC-A2AA-6252493BB888}
	EndGlobalSection
EndGlobal
